// !$*UTF8*$!
{
	archiveVersion = 1;
	classes = {
	};
	objectVersion = 46;
	objects = {

/* Begin PBXBuildFile section */
		559FF0011D5248E100BBC031 /* AppDelegate.swift in Sources */ = {isa = PBXBuildFile; fileRef = 559FF0001D5248E100BBC031 /* AppDelegate.swift */; };
		559FF0031D5248E100BBC031 /* ViewController.swift in Sources */ = {isa = PBXBuildFile; fileRef = 559FF0021D5248E100BBC031 /* ViewController.swift */; };
		559FF0061D5248E100BBC031 /* Main.storyboard in Resources */ = {isa = PBXBuildFile; fileRef = 559FF0041D5248E100BBC031 /* Main.storyboard */; };
		559FF0081D5248E100BBC031 /* Assets.xcassets in Resources */ = {isa = PBXBuildFile; fileRef = 559FF0071D5248E100BBC031 /* Assets.xcassets */; };
		559FF00B1D5248E100BBC031 /* LaunchScreen.storyboard in Resources */ = {isa = PBXBuildFile; fileRef = 559FF0091D5248E100BBC031 /* LaunchScreen.storyboard */; };
/* End PBXBuildFile section */

/* Begin PBXFileReference section */
		559FEFFD1D5248E100BBC031 /* Wood7190.app */ = {isa = PBXFileReference; explicitFileType = wrapper.application; includeInIndex = 0; path = Wood7190.app; sourceTree = BUILT_PRODUCTS_DIR; };
		559FF0001D5248E100BBC031 /* AppDelegate.swift */ = {isa = PBXFileReference; lastKnownFileType = sourcecode.swift; path = AppDelegate.swift; sourceTree = "<group>"; };
		559FF0021D5248E100BBC031 /* ViewController.swift */ = {isa = PBXFileReference; lastKnownFileType = sourcecode.swift; path = ViewController.swift; sourceTree = "<group>"; };
		559FF0051D5248E100BBC031 /* Base */ = {isa = PBXFileReference; lastKnownFileType = file.storyboard; name = Base; path = Base.lproj/Main.storyboard; sourceTree = "<group>"; };
		559FF0071D5248E100BBC031 /* Assets.xcassets */ = {isa = PBXFileReference; lastKnownFileType = folder.assetcatalog; path = Assets.xcassets; sourceTree = "<group>"; };
		559FF00A1D5248E100BBC031 /* Base */ = {isa = PBXFileReference; lastKnownFileType = file.storyboard; name = Base; path = Base.lproj/LaunchScreen.storyboard; sourceTree = "<group>"; };
		559FF00C1D5248E100BBC031 /* Info.plist */ = {isa = PBXFileReference; lastKnownFileType = text.plist.xml; path = Info.plist; sourceTree = "<group>"; };
/* End PBXFileReference section */

/* Begin PBXFrameworksBuildPhase section */
		559FEFFA1D5248E100BBC031 /* Frameworks */ = {
			isa = PBXFrameworksBuildPhase;
			buildActionMask = 2147483647;
			files = (
			);
			runOnlyForDeploymentPostprocessing = 0;
		};
/* End PBXFrameworksBuildPhase section */

/* Begin PBXGroup section */
		559FEFF41D5248E100BBC031 = {
			isa = PBXGroup;
			children = (
				559FEFFF1D5248E100BBC031 /* Wood7190 */,
				559FEFFE1D5248E100BBC031 /* Products */,
			);
			sourceTree = "<group>";
		};
		559FEFFE1D5248E100BBC031 /* Products */ = {
			isa = PBXGroup;
			children = (
				559FEFFD1D5248E100BBC031 /* Wood7190.app */,
			);
			name = Products;
			sourceTree = "<group>";
		};
		559FEFFF1D5248E100BBC031 /* Wood7190 */ = {
			isa = PBXGroup;
			children = (
				559FF0001D5248E100BBC031 /* AppDelegate.swift */,
				559FF0021D5248E100BBC031 /* ViewController.swift */,
				559FF0041D5248E100BBC031 /* Main.storyboard */,
				559FF0071D5248E100BBC031 /* Assets.xcassets */,
				559FF0091D5248E100BBC031 /* LaunchScreen.storyboard */,
				559FF00C1D5248E100BBC031 /* Info.plist */,
			);
			path = Wood7190;
			sourceTree = "<group>";
		};
/* End PBXGroup section */

/* Begin PBXNativeTarget section */
		559FEFFC1D5248E100BBC031 /* Wood7190 */ = {
			isa = PBXNativeTarget;
			buildConfigurationList = 559FF00F1D5248E100BBC031 /* Build configuration list for PBXNativeTarget "Wood7190" */;
			buildPhases = (
				559FEFF91D5248E100BBC031 /* Sources */,
				559FEFFA1D5248E100BBC031 /* Frameworks */,
				559FEFFB1D5248E100BBC031 /* Resources */,
			);
			buildRules = (
			);
			dependencies = (
			);
			name = Wood7190;
			productName = Wood7190;
			productReference = 559FEFFD1D5248E100BBC031 /* Wood7190.app */;
			productType = "com.apple.product-type.application";
		};
/* End PBXNativeTarget section */

/* Begin PBXProject section */
		559FEFF51D5248E100BBC031 /* Project object */ = {
			isa = PBXProject;
			attributes = {
				LastSwiftUpdateCheck = 0730;
				LastUpgradeCheck = 0730;
				ORGANIZATIONNAME = "Fernando, Inc.";
				TargetAttributes = {
					559FEFFC1D5248E100BBC031 = {
						CreatedOnToolsVersion = 7.3;
					};
				};
			};
			buildConfigurationList = 559FEFF81D5248E100BBC031 /* Build configuration list for PBXProject "Wood7190" */;
			compatibilityVersion = "Xcode 3.2";
			developmentRegion = English;
			hasScannedForEncodings = 0;
			knownRegions = (
				en,
				Base,
			);
			mainGroup = 559FEFF41D5248E100BBC031;
			productRefGroup = 559FEFFE1D5248E100BBC031 /* Products */;
			projectDirPath = "";
			projectRoot = "";
			targets = (
				559FEFFC1D5248E100BBC031 /* Wood7190 */,
			);
		};
/* End PBXProject section */

/* Begin PBXResourcesBuildPhase section */
		559FEFFB1D5248E100BBC031 /* Resources */ = {
			isa = PBXResourcesBuildPhase;
			buildActionMask = 2147483647;
			files = (
				559FF00B1D5248E100BBC031 /* LaunchScreen.storyboard in Resources */,
				559FF0081D5248E100BBC031 /* Assets.xcassets in Resources */,
				559FF0061D5248E100BBC031 /* Main.storyboard in Resources */,
			);
			runOnlyForDeploymentPostprocessing = 0;
		};
/* End PBXResourcesBuildPhase section */

/* Begin PBXSourcesBuildPhase section */
		559FEFF91D5248E100BBC031 /* Sources */ = {
			isa = PBXSourcesBuildPhase;
			buildActionMask = 2147483647;
			files = (
				559FF0031D5248E100BBC031 /* ViewController.swift in Sources */,
				559FF0011D5248E100BBC031 /* AppDelegate.swift in Sources */,
			);
			runOnlyForDeploymentPostprocessing = 0;
		};
/* End PBXSourcesBuildPhase section */

/* Begin PBXVariantGroup section */
		559FF0041D5248E100BBC031 /* Main.storyboard */ = {
			isa = PBXVariantGroup;
			children = (
				559FF0051D5248E100BBC031 /* Base */,
			);
			name = Main.storyboard;
			sourceTree = "<group>";
		};
		559FF0091D5248E100BBC031 /* LaunchScreen.storyboard */ = {
			isa = PBXVariantGroup;
			children = (
				559FF00A1D5248E100BBC031 /* Base */,
			);
			name = LaunchScreen.storyboard;
			sourceTree = "<group>";
		};
/* End PBXVariantGroup section */

/* Begin XCBuildConfiguration section */
		559FF00D1D5248E100BBC031 /* Debug */ = {
			isa = XCBuildConfiguration;
			buildSettings = {
				ALWAYS_SEARCH_USER_PATHS = NO;
				CLANG_ANALYZER_NONNULL = YES;
				CLANG_CXX_LANGUAGE_STANDARD = "gnu++0x";
				CLANG_CXX_LIBRARY = "libc++";
				CLANG_ENABLE_MODULES = YES;
				CLANG_ENABLE_OBJC_ARC = YES;
				CLANG_WARN_BOOL_CONVERSION = YES;
				CLANG_WARN_CONSTANT_CONVERSION = YES;
				CLANG_WARN_DIRECT_OBJC_ISA_USAGE = YES_ERROR;
				CLANG_WARN_EMPTY_BODY = YES;
				CLANG_WARN_ENUM_CONVERSION = YES;
				CLANG_WARN_INT_CONVERSION = YES;
				CLANG_WARN_OBJC_ROOT_CLASS = YES_ERROR;
				CLANG_WARN_UNREACHABLE_CODE = YES;
				CLANG_WARN__DUPLICATE_METHOD_MATCH = YES;
				"CODE_SIGN_IDENTITY[sdk=iphoneos*]" = "iPhone Developer";
				COPY_PHASE_STRIP = NO;
				DEBUG_INFORMATION_FORMAT = dwarf;
				ENABLE_STRICT_OBJC_MSGSEND = YES;
				ENABLE_TESTABILITY = YES;
				GCC_C_LANGUAGE_STANDARD = gnu99;
				GCC_DYNAMIC_NO_PIC = NO;
				GCC_NO_COMMON_BLOCKS = YES;
				GCC_OPTIMIZATION_LEVEL = 0;
				GCC_PREPROCESSOR_DEFINITIONS = (
					"DEBUG=1",
					"$(inherited)",
				);
				GCC_WARN_64_TO_32_BIT_CONVERSION = YES;
				GCC_WARN_ABOUT_RETURN_TYPE = YES_ERROR;
				GCC_WARN_UNDECLARED_SELECTOR = YES;
				GCC_WARN_UNINITIALIZED_AUTOS = YES_AGGRESSIVE;
				GCC_WARN_UNUSED_FUNCTION = YES;
				GCC_WARN_UNUSED_VARIABLE = YES;
				IPHONEOS_DEPLOYMENT_TARGET = 9.3;
				MTL_ENABLE_DEBUG_INFO = YES;
				ONLY_ACTIVE_ARCH = YES;
				SDKROOT = iphoneos;
				SWIFT_OPTIMIZATION_LEVEL = "-Onone";
			};
			name = Debug;
		};
		559FF00E1D5248E100BBC031 /* Release */ = {
			isa = XCBuildConfiguration;
			buildSettings = {
				ALWAYS_SEARCH_USER_PATHS = NO;
				CLANG_ANALYZER_NONNULL = YES;
				CLANG_CXX_LANGUAGE_STANDARD = "gnu++0x";
				CLANG_CXX_LIBRARY = "libc++";
				CLANG_ENABLE_MODULES = YES;
				CLANG_ENABLE_OBJC_ARC = YES;
				CLANG_WARN_BOOL_CONVERSION = YES;
				CLANG_WARN_CONSTANT_CONVERSION = YES;
				CLANG_WARN_DIRECT_OBJC_ISA_USAGE = YES_ERROR;
				CLANG_WARN_EMPTY_BODY = YES;
				CLANG_WARN_ENUM_CONVERSION = YES;
				CLANG_WARN_INT_CONVERSION = YES;
				CLANG_WARN_OBJC_ROOT_CLASS = YES_ERROR;
				CLANG_WARN_UNREACHABLE_CODE = YES;
				CLANG_WARN__DUPLICATE_METHOD_MATCH = YES;
				"CODE_SIGN_IDENTITY[sdk=iphoneos*]" = "iPhone Developer";
				COPY_PHASE_STRIP = NO;
				DEBUG_INFORMATION_FORMAT = "dwarf-with-dsym";
				ENABLE_NS_ASSERTIONS = NO;
				ENABLE_STRICT_OBJC_MSGSEND = YES;
				GCC_C_LANGUAGE_STANDARD = gnu99;
				GCC_NO_COMMON_BLOCKS = YES;
				GCC_WARN_64_TO_32_BIT_CONVERSION = YES;
				GCC_WARN_ABOUT_RETURN_TYPE = YES_ERROR;
				GCC_WARN_UNDECLARED_SELECTOR = YES;
				GCC_WARN_UNINITIALIZED_AUTOS = YES_AGGRESSIVE;
				GCC_WARN_UNUSED_FUNCTION = YES;
				GCC_WARN_UNUSED_VARIABLE = YES;
				IPHONEOS_DEPLOYMENT_TARGET = 9.3;
				MTL_ENABLE_DEBUG_INFO = NO;
				SDKROOT = iphoneos;
				VALIDATE_PRODUCT = YES;
			};
			name = Release;
		};
		559FF0101D5248E100BBC031 /* Debug */ = {
			isa = XCBuildConfiguration;
			buildSettings = {
				ASSETCATALOG_COMPILER_APPICON_NAME = AppIcon;
				INFOPLIST_FILE = Wood7190/Info.plist;
				LD_RUNPATH_SEARCH_PATHS = "$(inherited) @executable_path/Frameworks";
				PRODUCT_BUNDLE_IDENTIFIER = FM.Wood7190;
				PRODUCT_NAME = "$(TARGET_NAME)";
			};
			name = Debug;
		};
		559FF0111D5248E100BBC031 /* Release */ = {
			isa = XCBuildConfiguration;
			buildSettings = {
				ASSETCATALOG_COMPILER_APPICON_NAME = AppIcon;
				INFOPLIST_FILE = Wood7190/Info.plist;
				LD_RUNPATH_SEARCH_PATHS = "$(inherited) @executable_path/Frameworks";
				PRODUCT_BUNDLE_IDENTIFIER = FM.Wood7190;
				PRODUCT_NAME = "$(TARGET_NAME)";
			};
			name = Release;
		};
/* End XCBuildConfiguration section */

/* Begin XCConfigurationList section */
		559FEFF81D5248E100BBC031 /* Build configuration list for PBXProject "Wood7190" */ = {
			isa = XCConfigurationList;
			buildConfigurations = (
				559FF00D1D5248E100BBC031 /* Debug */,
				559FF00E1D5248E100BBC031 /* Release */,
			);
			defaultConfigurationIsVisible = 0;
			defaultConfigurationName = Release;
		};
		559FF00F1D5248E100BBC031 /* Build configuration list for PBXNativeTarget "Wood7190" */ = {
			isa = XCConfigurationList;
			buildConfigurations = (
				559FF0101D5248E100BBC031 /* Debug */,
				559FF0111D5248E100BBC031 /* Release */,
			);
			defaultConfigurationIsVisible = 0;
		};
/* End XCConfigurationList section */
	};
	rootObject = 559FEFF51D5248E100BBC031 /* Project object */;
}
